Microsoft Visual Studio Solution File, Format Version 12.00
# 17
VisualStudioVersion = 17.11.35103.136
MinimumVisualStudioVersion = 10.0.40219.1
Project("{00D1A9C2-B5F0-4AF3-8072-F6C62B433612}") = "FinRiteDatabase", "FinRiteDatabase.sqlproj", "{468EFD85-CEBA-4882-BC93-595E508D3116}"
EndProject
Global
	GlobalSection(SolutionConfigurationPlatforms) = preSolution
		Debug|Any CPU = Debug|Any CPU
		Release|Any CPU = Release|Any CPU
	EndGlobalSection
	GlobalSection(ProjectConfigurationPlatforms) = postSolution
		{468EFD85-CEBA-4882-BC93-595E508D3116}.Debug|Any CPU.ActiveCfg = Debug|Any CPU
		{468EFD85-CEBA-4882-BC93-595E508D3116}.Debug|Any CPU.Build.0 = Debug|Any CPU
		{468EFD85-CEBA-4882-BC93-595E508D3116}.Debug|Any CPU.Deploy.0 = Debug|Any CPU
		{468EFD85-CEBA-4882-BC93-595E508D3116}.Release|Any CPU.ActiveCfg = Release|Any CPU
		{468EFD85-CEBA-4882-BC93-595E508D3116}.Release|Any CPU.Build.0 = Release|Any CPU
		{468EFD85-CEBA-4882-BC93-595E508D3116}.Release|Any CPU.Deploy.0 = Release|Any CPU
	EndGlobalSection
	GlobalSection(SolutionProperties) = preSolution
		HideSolutionNode = FALSE
	EndGlobalSection
	GlobalSection(ExtensibilityGlobals) = postSolution
		SolutionGuid = {64D96CC7-3231-42FB-8FCB-B6900BA38471}
	EndGlobalSection
EndGlobal
